// !$*UTF8*$!
{
	archiveVersion = 1;
	classes = {
	};
	objectVersion = 45;
	objects = {

/* Begin PBXBuildFile section */
		1D3623260D0F684500981E51 /* bp2ipadAppDelegate.m in Sources */ = {isa = PBXBuildFile; fileRef = 1D3623250D0F684500981E51 /* bp2ipadAppDelegate.m */; };
		1D60589B0D05DD56006BFB54 /* main.m in Sources */ = {isa = PBXBuildFile; fileRef = 29B97316FDCFA39411CA2CEA /* main.m */; };
		1D60589F0D05DD5A006BFB54 /* Foundation.framework in Frameworks */ = {isa = PBXBuildFile; fileRef = 1D30AB110D05D00D00671497 /* Foundation.framework */; };
		1DF5F4E00D08C38300B7A737 /* UIKit.framework in Frameworks */ = {isa = PBXBuildFile; fileRef = 1DF5F4DF0D08C38300B7A737 /* UIKit.framework */; };
		288765A50DF7441C002DB57D /* CoreGraphics.framework in Frameworks */ = {isa = PBXBuildFile; fileRef = 288765A40DF7441C002DB57D /* CoreGraphics.framework */; };
		2899E5220DE3E06400AC0155 /* bp2ipadViewController.xib in Resources */ = {isa = PBXBuildFile; fileRef = 2899E5210DE3E06400AC0155 /* bp2ipadViewController.xib */; };
		28AD733F0D9D9553002E5188 /* MainWindow.xib in Resources */ = {isa = PBXBuildFile; fileRef = 28AD733E0D9D9553002E5188 /* MainWindow.xib */; };
		28D7ACF80DDB3853001CB0EB /* bp2ipadViewController.m in Sources */ = {isa = PBXBuildFile; fileRef = 28D7ACF70DDB3853001CB0EB /* bp2ipadViewController.m */; };
		F30089F21334EE5100C1A123 /* bp.sqlite in Resources */ = {isa = PBXBuildFile; fileRef = F30089F11334EE5100C1A123 /* bp.sqlite */; };
		F305C7391382E27700FD0EBC /* ulhighlitedbg.png in Resources */ = {isa = PBXBuildFile; fileRef = F305C7381382E27700FD0EBC /* ulhighlitedbg.png */; };
		F30ED82913241B4E00E4B2CA /* game.m in Sources */ = {isa = PBXBuildFile; fileRef = F30ED82613241B4E00E4B2CA /* game.m */; };
		F30ED82A13241B4E00E4B2CA /* player.m in Sources */ = {isa = PBXBuildFile; fileRef = F30ED82813241B4E00E4B2CA /* player.m */; };
		F30ED83013241CB600E4B2CA /* libsqlite3.0.dylib in Frameworks */ = {isa = PBXBuildFile; fileRef = F30ED82F13241CB600E4B2CA /* libsqlite3.0.dylib */; };
		F366922B13873453007FC85D /* obp5757.png in Resources */ = {isa = PBXBuildFile; fileRef = F366922A13873453007FC85D /* obp5757.png */; };
		F3B3F266132985CE008A2BB1 /* xyButtonAttributes.m in Sources */ = {isa = PBXBuildFile; fileRef = F3B3F265132985CE008A2BB1 /* xyButtonAttributes.m */; };
		F3B3F2F61329B46A008A2BB1 /* block.m in Sources */ = {isa = PBXBuildFile; fileRef = F3B3F2F51329B46A008A2BB1 /* block.m */; };
		F3CD26A2135B4DF900D96F82 /* click1.wav in Resources */ = {isa = PBXBuildFile; fileRef = F3CD26A1135B4DF900D96F82 /* click1.wav */; };
		F3CD26A4135B4E0C00D96F82 /* click2.wav in Resources */ = {isa = PBXBuildFile; fileRef = F3CD26A3135B4E0C00D96F82 /* click2.wav */; };
		F3DF4066132EC79000ED1F08 /* footballgrass.jpg in Resources */ = {isa = PBXBuildFile; fileRef = F3DF4065132EC79000ED1F08 /* footballgrass.jpg */; };
		F3E89696137F31E9006CBF39 /* Info.m in Sources */ = {isa = PBXBuildFile; fileRef = F3E89694137F31E9006CBF39 /* Info.m */; };
		F3E89697137F31E9006CBF39 /* Info.xib in Resources */ = {isa = PBXBuildFile; fileRef = F3E89695137F31E9006CBF39 /* Info.xib */; };
/* End PBXBuildFile section */

/* Begin PBXFileReference section */
		1D30AB110D05D00D00671497 /* Foundation.framework */ = {isa = PBXFileReference; lastKnownFileType = wrapper.framework; name = Foundation.framework; path = System/Library/Frameworks/Foundation.framework; sourceTree = SDKROOT; };
		1D3623240D0F684500981E51 /* bp2ipadAppDelegate.h */ = {isa = PBXFileReference; fileEncoding = 4; lastKnownFileType = sourcecode.c.h; path = bp2ipadAppDelegate.h; sourceTree = "<group>"; };
		1D3623250D0F684500981E51 /* bp2ipadAppDelegate.m */ = {isa = PBXFileReference; fileEncoding = 4; lastKnownFileType = sourcecode.c.objc; path = bp2ipadAppDelegate.m; sourceTree = "<group>"; };
		1D6058910D05DD3D006BFB54 /* bp2ipad.app */ = {isa = PBXFileReference; explicitFileType = wrapper.application; includeInIndex = 0; path = bp2ipad.app; sourceTree = BUILT_PRODUCTS_DIR; };
		1DF5F4DF0D08C38300B7A737 /* UIKit.framework */ = {isa = PBXFileReference; lastKnownFileType = wrapper.framework; name = UIKit.framework; path = System/Library/Frameworks/UIKit.framework; sourceTree = SDKROOT; };
		288765A40DF7441C002DB57D /* CoreGraphics.framework */ = {isa = PBXFileReference; lastKnownFileType = wrapper.framework; name = CoreGraphics.framework; path = System/Library/Frameworks/CoreGraphics.framework; sourceTree = SDKROOT; };
		2899E5210DE3E06400AC0155 /* bp2ipadViewController.xib */ = {isa = PBXFileReference; lastKnownFileType = file.xib; path = bp2ipadViewController.xib; sourceTree = "<group>"; };
		28AD733E0D9D9553002E5188 /* MainWindow.xib */ = {isa = PBXFileReference; lastKnownFileType = file.xib; path = MainWindow.xib; sourceTree = "<group>"; };
		28D7ACF60DDB3853001CB0EB /* bp2ipadViewController.h */ = {isa = PBXFileReference; fileEncoding = 4; lastKnownFileType = sourcecode.c.h; path = bp2ipadViewController.h; sourceTree = "<group>"; };
		28D7ACF70DDB3853001CB0EB /* bp2ipadViewController.m */ = {isa = PBXFileReference; fileEncoding = 4; lastKnownFileType = sourcecode.c.objc; path = bp2ipadViewController.m; sourceTree = "<group>"; };
		29B97316FDCFA39411CA2CEA /* main.m */ = {isa = PBXFileReference; fileEncoding = 4; lastKnownFileType = sourcecode.c.objc; path = main.m; sourceTree = "<group>"; };
		32CA4F630368D1EE00C91783 /* bp2ipad_Prefix.pch */ = {isa = PBXFileReference; fileEncoding = 4; lastKnownFileType = sourcecode.c.h; path = bp2ipad_Prefix.pch; sourceTree = "<group>"; };
		8D1107310486CEB800E47090 /* bp2ipad-Info.plist */ = {isa = PBXFileReference; fileEncoding = 4; lastKnownFileType = text.plist.xml; path = "bp2ipad-Info.plist"; plistStructureDefinitionIdentifier = "com.apple.xcode.plist.structure-definition.iphone.info-plist"; sourceTree = "<group>"; };
		F30089F11334EE5100C1A123 /* bp.sqlite */ = {isa = PBXFileReference; lastKnownFileType = file; path = bp.sqlite; sourceTree = "<group>"; };
		F305C7381382E27700FD0EBC /* ulhighlitedbg.png */ = {isa = PBXFileReference; lastKnownFileType = image.png; path = ulhighlitedbg.png; sourceTree = "<group>"; };
		F30ED82513241B4E00E4B2CA /* game.h */ = {isa = PBXFileReference; fileEncoding = 4; lastKnownFileType = sourcecode.c.h; path = game.h; sourceTree = "<group>"; };
		F30ED82613241B4E00E4B2CA /* game.m */ = {isa = PBXFileReference; fileEncoding = 4; lastKnownFileType = sourcecode.c.objc; path = game.m; sourceTree = "<group>"; };
		F30ED82713241B4E00E4B2CA /* player.h */ = {isa = PBXFileReference; fileEncoding = 4; lastKnownFileType = sourcecode.c.h; path = player.h; sourceTree = "<group>"; };
		F30ED82813241B4E00E4B2CA /* player.m */ = {isa = PBXFileReference; fileEncoding = 4; lastKnownFileType = sourcecode.c.objc; path = player.m; sourceTree = "<group>"; };
		F30ED82F13241CB600E4B2CA /* libsqlite3.0.dylib */ = {isa = PBXFileReference; lastKnownFileType = "compiled.mach-o.dylib"; name = libsqlite3.0.dylib; path = usr/lib/libsqlite3.0.dylib; sourceTree = SDKROOT; };
		F366922A13873453007FC85D /* obp5757.png */ = {isa = PBXFileReference; lastKnownFileType = image.png; path = obp5757.png; sourceTree = "<group>"; };
		F3B3F264132985CE008A2BB1 /* xyButtonAttributes.h */ = {isa = PBXFileReference; fileEncoding = 4; lastKnownFileType = sourcecode.c.h; path = xyButtonAttributes.h; sourceTree = "<group>"; };
		F3B3F265132985CE008A2BB1 /* xyButtonAttributes.m */ = {isa = PBXFileReference; fileEncoding = 4; lastKnownFileType = sourcecode.c.objc; path = xyButtonAttributes.m; sourceTree = "<group>"; };
		F3B3F2F41329B46A008A2BB1 /* block.h */ = {isa = PBXFileReference; fileEncoding = 4; lastKnownFileType = sourcecode.c.h; path = block.h; sourceTree = "<group>"; };
		F3B3F2F51329B46A008A2BB1 /* block.m */ = {isa = PBXFileReference; fileEncoding = 4; lastKnownFileType = sourcecode.c.objc; path = block.m; sourceTree = "<group>"; };
		F3CD26A1135B4DF900D96F82 /* click1.wav */ = {isa = PBXFileReference; lastKnownFileType = audio.wav; path = click1.wav; sourceTree = "<group>"; };
		F3CD26A3135B4E0C00D96F82 /* click2.wav */ = {isa = PBXFileReference; lastKnownFileType = audio.wav; path = click2.wav; sourceTree = "<group>"; };
		F3DF4065132EC79000ED1F08 /* footballgrass.jpg */ = {isa = PBXFileReference; lastKnownFileType = image.jpeg; path = footballgrass.jpg; sourceTree = "<group>"; };
		F3E89693137F31E9006CBF39 /* Info.h */ = {isa = PBXFileReference; fileEncoding = 4; lastKnownFileType = sourcecode.c.h; path = Info.h; sourceTree = "<group>"; };
		F3E89694137F31E9006CBF39 /* Info.m */ = {isa = PBXFileReference; fileEncoding = 4; lastKnownFileType = sourcecode.c.objc; path = Info.m; sourceTree = "<group>"; };
		F3E89695137F31E9006CBF39 /* Info.xib */ = {isa = PBXFileReference; fileEncoding = 4; lastKnownFileType = file.xib; name = Info.xib; path = Classes/Info.xib; sourceTree = "<group>"; };
/* End PBXFileReference section */

/* Begin PBXFrameworksBuildPhase section */
		1D60588F0D05DD3D006BFB54 /* Frameworks */ = {
			isa = PBXFrameworksBuildPhase;
			buildActionMask = 2147483647;
			files = (
				1D60589F0D05DD5A006BFB54 /* Foundation.framework in Frameworks */,
				1DF5F4E00D08C38300B7A737 /* UIKit.framework in Frameworks */,
				288765A50DF7441C002DB57D /* CoreGraphics.framework in Frameworks */,
				F30ED83013241CB600E4B2CA /* libsqlite3.0.dylib in Frameworks */,
			);
			runOnlyForDeploymentPostprocessing = 0;
		};
/* End PBXFrameworksBuildPhase section */

/* Begin PBXGroup section */
		080E96DDFE201D6D7F000001 /* Classes */ = {
			isa = PBXGroup;
			children = (
				F30ED82513241B4E00E4B2CA /* game.h */,
				F30ED82613241B4E00E4B2CA /* game.m */,
				F30ED82713241B4E00E4B2CA /* player.h */,
				F30ED82813241B4E00E4B2CA /* player.m */,
				1D3623240D0F684500981E51 /* bp2ipadAppDelegate.h */,
				1D3623250D0F684500981E51 /* bp2ipadAppDelegate.m */,
				28D7ACF60DDB3853001CB0EB /* bp2ipadViewController.h */,
				28D7ACF70DDB3853001CB0EB /* bp2ipadViewController.m */,
				F3B3F264132985CE008A2BB1 /* xyButtonAttributes.h */,
				F3B3F265132985CE008A2BB1 /* xyButtonAttributes.m */,
				F3B3F2F41329B46A008A2BB1 /* block.h */,
				F3B3F2F51329B46A008A2BB1 /* block.m */,
				F3E89693137F31E9006CBF39 /* Info.h */,
				F3E89694137F31E9006CBF39 /* Info.m */,
			);
			path = Classes;
			sourceTree = "<group>";
		};
		19C28FACFE9D520D11CA2CBB /* Products */ = {
			isa = PBXGroup;
			children = (
				1D6058910D05DD3D006BFB54 /* bp2ipad.app */,
			);
			name = Products;
			sourceTree = "<group>";
		};
		29B97314FDCFA39411CA2CEA /* CustomTemplate */ = {
			isa = PBXGroup;
			children = (
				080E96DDFE201D6D7F000001 /* Classes */,
				29B97315FDCFA39411CA2CEA /* Other Sources */,
				29B97317FDCFA39411CA2CEA /* Resources */,
				29B97323FDCFA39411CA2CEA /* Frameworks */,
				19C28FACFE9D520D11CA2CBB /* Products */,
			);
			name = CustomTemplate;
			sourceTree = "<group>";
		};
		29B97315FDCFA39411CA2CEA /* Other Sources */ = {
			isa = PBXGroup;
			children = (
				32CA4F630368D1EE00C91783 /* bp2ipad_Prefix.pch */,
				29B97316FDCFA39411CA2CEA /* main.m */,
			);
			name = "Other Sources";
			sourceTree = "<group>";
		};
		29B97317FDCFA39411CA2CEA /* Resources */ = {
			isa = PBXGroup;
			children = (
				F366922A13873453007FC85D /* obp5757.png */,
				F305C7381382E27700FD0EBC /* ulhighlitedbg.png */,
				F3CD26A3135B4E0C00D96F82 /* click2.wav */,
				F3CD26A1135B4DF900D96F82 /* click1.wav */,
				F3E89695137F31E9006CBF39 /* Info.xib */,
				F30089F11334EE5100C1A123 /* bp.sqlite */,
				F3DF4065132EC79000ED1F08 /* footballgrass.jpg */,
				2899E5210DE3E06400AC0155 /* bp2ipadViewController.xib */,
				28AD733E0D9D9553002E5188 /* MainWindow.xib */,
				8D1107310486CEB800E47090 /* bp2ipad-Info.plist */,
			);
			name = Resources;
			sourceTree = "<group>";
		};
		29B97323FDCFA39411CA2CEA /* Frameworks */ = {
			isa = PBXGroup;
			children = (
				1DF5F4DF0D08C38300B7A737 /* UIKit.framework */,
				1D30AB110D05D00D00671497 /* Foundation.framework */,
				288765A40DF7441C002DB57D /* CoreGraphics.framework */,
				F30ED82F13241CB600E4B2CA /* libsqlite3.0.dylib */,
			);
			name = Frameworks;
			sourceTree = "<group>";
		};
/* End PBXGroup section */

/* Begin PBXNativeTarget section */
		1D6058900D05DD3D006BFB54 /* bp2ipad */ = {
			isa = PBXNativeTarget;
			buildConfigurationList = 1D6058960D05DD3E006BFB54 /* Build configuration list for PBXNativeTarget "bp2ipad" */;
			buildPhases = (
				1D60588D0D05DD3D006BFB54 /* Resources */,
				1D60588E0D05DD3D006BFB54 /* Sources */,
				1D60588F0D05DD3D006BFB54 /* Frameworks */,
			);
			buildRules = (
			);
			dependencies = (
			);
			name = bp2ipad;
			productName = bp2ipad;
			productReference = 1D6058910D05DD3D006BFB54 /* bp2ipad.app */;
			productType = "com.apple.product-type.application";
		};
/* End PBXNativeTarget section */

/* Begin PBXProject section */
		29B97313FDCFA39411CA2CEA /* Project object */ = {
			isa = PBXProject;
			buildConfigurationList = C01FCF4E08A954540054247B /* Build configuration list for PBXProject "bp2ipad" */;
			compatibilityVersion = "Xcode 3.1";
			developmentRegion = English;
			hasScannedForEncodings = 1;
			knownRegions = (
				English,
				Japanese,
				French,
				German,
			);
			mainGroup = 29B97314FDCFA39411CA2CEA /* CustomTemplate */;
			projectDirPath = "";
			projectRoot = "";
			targets = (
				1D6058900D05DD3D006BFB54 /* bp2ipad */,
			);
		};
/* End PBXProject section */

/* Begin PBXResourcesBuildPhase section */
		1D60588D0D05DD3D006BFB54 /* Resources */ = {
			isa = PBXResourcesBuildPhase;
			buildActionMask = 2147483647;
			files = (
				28AD733F0D9D9553002E5188 /* MainWindow.xib in Resources */,
				2899E5220DE3E06400AC0155 /* bp2ipadViewController.xib in Resources */,
				F3DF4066132EC79000ED1F08 /* footballgrass.jpg in Resources */,
				F30089F21334EE5100C1A123 /* bp.sqlite in Resources */,
				F3CD26A2135B4DF900D96F82 /* click1.wav in Resources */,
				F3CD26A4135B4E0C00D96F82 /* click2.wav in Resources */,
				F3E89697137F31E9006CBF39 /* Info.xib in Resources */,
				F305C7391382E27700FD0EBC /* ulhighlitedbg.png in Resources */,
				F366922B13873453007FC85D /* obp5757.png in Resources */,
			);
			runOnlyForDeploymentPostprocessing = 0;
		};
/* End PBXResourcesBuildPhase section */

/* Begin PBXSourcesBuildPhase section */
		1D60588E0D05DD3D006BFB54 /* Sources */ = {
			isa = PBXSourcesBuildPhase;
			buildActionMask = 2147483647;
			files = (
				1D60589B0D05DD56006BFB54 /* main.m in Sources */,
				1D3623260D0F684500981E51 /* bp2ipadAppDelegate.m in Sources */,
				28D7ACF80DDB3853001CB0EB /* bp2ipadViewController.m in Sources */,
				F30ED82913241B4E00E4B2CA /* game.m in Sources */,
				F30ED82A13241B4E00E4B2CA /* player.m in Sources */,
				F3B3F266132985CE008A2BB1 /* xyButtonAttributes.m in Sources */,
				F3B3F2F61329B46A008A2BB1 /* block.m in Sources */,
				F3E89696137F31E9006CBF39 /* Info.m in Sources */,
			);
			runOnlyForDeploymentPostprocessing = 0;
		};
/* End PBXSourcesBuildPhase section */

/* Begin XCBuildConfiguration section */
		1D6058940D05DD3E006BFB54 /* Debug */ = {
			isa = XCBuildConfiguration;
			buildSettings = {
				ALWAYS_SEARCH_USER_PATHS = NO;
				COPY_PHASE_STRIP = NO;
				FRAMEWORK_SEARCH_PATHS = (
					"$(inherited)",
					"\"$(SRCROOT)\"",
				);
				GCC_DYNAMIC_NO_PIC = NO;
				GCC_OPTIMIZATION_LEVEL = 0;
				GCC_PRECOMPILE_PREFIX_HEADER = YES;
				GCC_PREFIX_HEADER = bp2ipad_Prefix.pch;
				INFOPLIST_FILE = "bp2ipad-Info.plist";
				PRODUCT_NAME = bp2ipad;
			};
			name = Debug;
		};
		1D6058950D05DD3E006BFB54 /* Release */ = {
			isa = XCBuildConfiguration;
			buildSettings = {
				ALWAYS_SEARCH_USER_PATHS = NO;
				COPY_PHASE_STRIP = YES;
				FRAMEWORK_SEARCH_PATHS = (
					"$(inherited)",
					"\"$(SRCROOT)\"",
				);
				GCC_PRECOMPILE_PREFIX_HEADER = YES;
				GCC_PREFIX_HEADER = bp2ipad_Prefix.pch;
				INFOPLIST_FILE = "bp2ipad-Info.plist";
				PRODUCT_NAME = bp2ipad;
				VALIDATE_PRODUCT = YES;
			};
			name = Release;
		};
		C01FCF4F08A954540054247B /* Debug */ = {
			isa = XCBuildConfiguration;
			buildSettings = {
				ARCHS = "$(ARCHS_UNIVERSAL_IPHONE_OS)";
				"CODE_SIGN_IDENTITY[sdk=iphoneos*]" = "iPhone Developer";
				GCC_C_LANGUAGE_STANDARD = c99;
				GCC_WARN_ABOUT_RETURN_TYPE = YES;
				GCC_WARN_UNUSED_VARIABLE = YES;
				PREBINDING = NO;
				SDKROOT = iphoneos;
				TARGETED_DEVICE_FAMILY = 2;
			};
			name = Debug;
		};
		C01FCF5008A954540054247B /* Release */ = {
			isa = XCBuildConfiguration;
			buildSettings = {
				ARCHS = "$(ARCHS_UNIVERSAL_IPHONE_OS)";
				"CODE_SIGN_IDENTITY[sdk=iphoneos*]" = "iPhone Developer";
				GCC_C_LANGUAGE_STANDARD = c99;
				GCC_WARN_ABOUT_RETURN_TYPE = YES;
				GCC_WARN_UNUSED_VARIABLE = YES;
				OTHER_CFLAGS = "-DNS_BLOCK_ASSERTIONS=1";
				PREBINDING = NO;
				SDKROOT = iphoneos;
				TARGETED_DEVICE_FAMILY = 2;
			};
			name = Release;
		};
/* End XCBuildConfiguration section */

/* Begin XCConfigurationList section */
		1D6058960D05DD3E006BFB54 /* Build configuration list for PBXNativeTarget "bp2ipad" */ = {
			isa = XCConfigurationList;
			buildConfigurations = (
				1D6058940D05DD3E006BFB54 /* Debug */,
				1D6058950D05DD3E006BFB54 /* Release */,
			);
			defaultConfigurationIsVisible = 0;
			defaultConfigurationName = Release;
		};
		C01FCF4E08A954540054247B /* Build configuration list for PBXProject "bp2ipad" */ = {
			isa = XCConfigurationList;
			buildConfigurations = (
				C01FCF4F08A954540054247B /* Debug */,
				C01FCF5008A954540054247B /* Release */,
			);
			defaultConfigurationIsVisible = 0;
			defaultConfigurationName = Release;
		};
/* End XCConfigurationList section */
	};
	rootObject = 29B97313FDCFA39411CA2CEA /* Project object */;
}
